PODS:
  - SMEasyAudioEngine (1.0)

DEPENDENCIES:
  - SMEasyAudioEngine (from `https://github.com/xionggithub/SMEasyAudioEngine.git`, commit `4f2dcb37e877c69566b70678ca23c5f8f04e0688`)

EXTERNAL SOURCES:
  SMEasyAudioEngine:
    :commit: 4f2dcb37e877c69566b70678ca23c5f8f04e0688
    :git: https://github.com/xionggithub/SMEasyAudioEngine.git

CHECKOUT OPTIONS:
  SMEasyAudioEngine:
    :commit: 4f2dcb37e877c69566b70678ca23c5f8f04e0688
    :git: https://github.com/xionggithub/SMEasyAudioEngine.git

SPEC CHECKSUMS:
  SMEasyAudioEngine: bedeb666d1bbee561548b401cd48530a9d680b38

PODFILE CHECKSUM: 2b98bdb579d615f7ac2189695c23b47099c7cf5d

COCOAPODS: 1.8.4
